// !$*UTF8*$!
{
	archiveVersion = 1;
	classes = {
	};
	objectVersion = 56;
	objects = {

/* Begin PBXBuildFile section */
		AA46D1E52D0794E800E53AB1 /* AssignmentBuilderViewController.swift in Sources */ = {isa = PBXBuildFile; fileRef = AA46D1E42D0794E800E53AB1 /* AssignmentBuilderViewController.swift */; };
		AA46D1E82D07951B00E53AB1 /* AssignmentHistoryViewController.swift in Sources */ = {isa = PBXBuildFile; fileRef = AA46D1E72D07951B00E53AB1 /* AssignmentHistoryViewController.swift */; };
		AA46D1EB2D07984A00E53AB1 /* TaskManagerViewController.swift in Sources */ = {isa = PBXBuildFile; fileRef = AA46D1EA2D07984A00E53AB1 /* TaskManagerViewController.swift */; };
		AA46D1ED2D07988100E53AB1 /* TaskHistoryViewController.swift in Sources */ = {isa = PBXBuildFile; fileRef = AA46D1EC2D07988100E53AB1 /* TaskHistoryViewController.swift */; };
		AA46D1EF2D0798A500E53AB1 /* taskTableViewCell.swift in Sources */ = {isa = PBXBuildFile; fileRef = AA46D1EE2D0798A500E53AB1 /* taskTableViewCell.swift */; };
		AA46D1F52D08382500E53AB1 /* AboutusViewController.swift in Sources */ = {isa = PBXBuildFile; fileRef = AA46D1F12D08382500E53AB1 /* AboutusViewController.swift */; };
		AA46D1F62D08382500E53AB1 /* SettingsViewController.swift in Sources */ = {isa = PBXBuildFile; fileRef = AA46D1F22D08382500E53AB1 /* SettingsViewController.swift */; };
		AA46D1F72D08382500E53AB1 /* FeedbackViewController.swift in Sources */ = {isa = PBXBuildFile; fileRef = AA46D1F32D08382500E53AB1 /* FeedbackViewController.swift */; };
		AA46D1F82D08382500E53AB1 /* SideMenuTableViewCell.swift in Sources */ = {isa = PBXBuildFile; fileRef = AA46D1F42D08382500E53AB1 /* SideMenuTableViewCell.swift */; };
		AA4F936B2D078ADE0098B446 /* PlaneLectureViewController.swift in Sources */ = {isa = PBXBuildFile; fileRef = AA4F936A2D078ADE0098B446 /* PlaneLectureViewController.swift */; };
		AA4F936D2D078B190098B446 /* ArchieveLectureViewController.swift in Sources */ = {isa = PBXBuildFile; fileRef = AA4F936C2D078B190098B446 /* ArchieveLectureViewController.swift */; };
		AA4F936F2D078B290098B446 /* ArrchieveTableViewCell.swift in Sources */ = {isa = PBXBuildFile; fileRef = AA4F936E2D078B290098B446 /* ArrchieveTableViewCell.swift */; };
		AAB183132D06412F00EE2102 /* AppDelegate.swift in Sources */ = {isa = PBXBuildFile; fileRef = AAB183122D06412F00EE2102 /* AppDelegate.swift */; };
		AAB183152D06412F00EE2102 /* SceneDelegate.swift in Sources */ = {isa = PBXBuildFile; fileRef = AAB183142D06412F00EE2102 /* SceneDelegate.swift */; };
		AAB183172D06412F00EE2102 /* ViewController.swift in Sources */ = {isa = PBXBuildFile; fileRef = AAB183162D06412F00EE2102 /* ViewController.swift */; };
		AAB1831A2D06412F00EE2102 /* Main.storyboard in Resources */ = {isa = PBXBuildFile; fileRef = AAB183182D06412F00EE2102 /* Main.storyboard */; };
		AAB1831C2D06413100EE2102 /* Assets.xcassets in Resources */ = {isa = PBXBuildFile; fileRef = AAB1831B2D06413100EE2102 /* Assets.xcassets */; };
		AAB1831F2D06413100EE2102 /* LaunchScreen.storyboard in Resources */ = {isa = PBXBuildFile; fileRef = AAB1831D2D06413100EE2102 /* LaunchScreen.storyboard */; };
		AAB183292D0644F900EE2102 /* Helper.swift in Sources */ = {isa = PBXBuildFile; fileRef = AAB183272D0644F900EE2102 /* Helper.swift */; };
		AAB1832A2D0644F900EE2102 /* iOSDropDown.swift in Sources */ = {isa = PBXBuildFile; fileRef = AAB183282D0644F900EE2102 /* iOSDropDown.swift */; };
		AAB1832E2D06452F00EE2102 /* StartViewController.swift in Sources */ = {isa = PBXBuildFile; fileRef = AAB1832D2D06452F00EE2102 /* StartViewController.swift */; };
		AAB183302D06455D00EE2102 /* HomeViewController.swift in Sources */ = {isa = PBXBuildFile; fileRef = AAB1832F2D06455D00EE2102 /* HomeViewController.swift */; };
/* End PBXBuildFile section */

/* Begin PBXFileReference section */
		AA46D1E42D0794E800E53AB1 /* AssignmentBuilderViewController.swift */ = {isa = PBXFileReference; lastKnownFileType = sourcecode.swift; path = AssignmentBuilderViewController.swift; sourceTree = "<group>"; };
		AA46D1E72D07951B00E53AB1 /* AssignmentHistoryViewController.swift */ = {isa = PBXFileReference; lastKnownFileType = sourcecode.swift; path = AssignmentHistoryViewController.swift; sourceTree = "<group>"; };
		AA46D1EA2D07984A00E53AB1 /* TaskManagerViewController.swift */ = {isa = PBXFileReference; lastKnownFileType = sourcecode.swift; path = TaskManagerViewController.swift; sourceTree = "<group>"; };
		AA46D1EC2D07988100E53AB1 /* TaskHistoryViewController.swift */ = {isa = PBXFileReference; lastKnownFileType = sourcecode.swift; path = TaskHistoryViewController.swift; sourceTree = "<group>"; };
		AA46D1EE2D0798A500E53AB1 /* taskTableViewCell.swift */ = {isa = PBXFileReference; lastKnownFileType = sourcecode.swift; path = taskTableViewCell.swift; sourceTree = "<group>"; };
		AA46D1F12D08382500E53AB1 /* AboutusViewController.swift */ = {isa = PBXFileReference; fileEncoding = 4; lastKnownFileType = sourcecode.swift; path = AboutusViewController.swift; sourceTree = "<group>"; };
		AA46D1F22D08382500E53AB1 /* SettingsViewController.swift */ = {isa = PBXFileReference; fileEncoding = 4; lastKnownFileType = sourcecode.swift; path = SettingsViewController.swift; sourceTree = "<group>"; };
		AA46D1F32D08382500E53AB1 /* FeedbackViewController.swift */ = {isa = PBXFileReference; fileEncoding = 4; lastKnownFileType = sourcecode.swift; path = FeedbackViewController.swift; sourceTree = "<group>"; };
		AA46D1F42D08382500E53AB1 /* SideMenuTableViewCell.swift */ = {isa = PBXFileReference; fileEncoding = 4; lastKnownFileType = sourcecode.swift; path = SideMenuTableViewCell.swift; sourceTree = "<group>"; };
		AA4F936A2D078ADE0098B446 /* PlaneLectureViewController.swift */ = {isa = PBXFileReference; lastKnownFileType = sourcecode.swift; path = PlaneLectureViewController.swift; sourceTree = "<group>"; };
		AA4F936C2D078B190098B446 /* ArchieveLectureViewController.swift */ = {isa = PBXFileReference; lastKnownFileType = sourcecode.swift; path = ArchieveLectureViewController.swift; sourceTree = "<group>"; };
		AA4F936E2D078B290098B446 /* ArrchieveTableViewCell.swift */ = {isa = PBXFileReference; lastKnownFileType = sourcecode.swift; path = ArrchieveTableViewCell.swift; sourceTree = "<group>"; };
		AAB1830F2D06412F00EE2102 /* SmartTeach Link.app */ = {isa = PBXFileReference; explicitFileType = wrapper.application; includeInIndex = 0; path = "SmartTeach Link.app"; sourceTree = BUILT_PRODUCTS_DIR; };
		AAB183122D06412F00EE2102 /* AppDelegate.swift */ = {isa = PBXFileReference; lastKnownFileType = sourcecode.swift; path = AppDelegate.swift; sourceTree = "<group>"; };
		AAB183142D06412F00EE2102 /* SceneDelegate.swift */ = {isa = PBXFileReference; lastKnownFileType = sourcecode.swift; path = SceneDelegate.swift; sourceTree = "<group>"; };
		AAB183162D06412F00EE2102 /* ViewController.swift */ = {isa = PBXFileReference; lastKnownFileType = sourcecode.swift; path = ViewController.swift; sourceTree = "<group>"; };
		AAB183192D06412F00EE2102 /* Base */ = {isa = PBXFileReference; lastKnownFileType = file.storyboard; name = Base; path = Base.lproj/Main.storyboard; sourceTree = "<group>"; };
		AAB1831B2D06413100EE2102 /* Assets.xcassets */ = {isa = PBXFileReference; lastKnownFileType = folder.assetcatalog; path = Assets.xcassets; sourceTree = "<group>"; };
		AAB1831E2D06413100EE2102 /* Base */ = {isa = PBXFileReference; lastKnownFileType = file.storyboard; name = Base; path = Base.lproj/LaunchScreen.storyboard; sourceTree = "<group>"; };
		AAB183202D06413100EE2102 /* Info.plist */ = {isa = PBXFileReference; lastKnownFileType = text.plist.xml; path = Info.plist; sourceTree = "<group>"; };
		AAB183272D0644F900EE2102 /* Helper.swift */ = {isa = PBXFileReference; fileEncoding = 4; lastKnownFileType = sourcecode.swift; path = Helper.swift; sourceTree = "<group>"; };
		AAB183282D0644F900EE2102 /* iOSDropDown.swift */ = {isa = PBXFileReference; fileEncoding = 4; lastKnownFileType = sourcecode.swift; path = iOSDropDown.swift; sourceTree = "<group>"; };
		AAB1832D2D06452F00EE2102 /* StartViewController.swift */ = {isa = PBXFileReference; lastKnownFileType = sourcecode.swift; path = StartViewController.swift; sourceTree = "<group>"; };
		AAB1832F2D06455D00EE2102 /* HomeViewController.swift */ = {isa = PBXFileReference; lastKnownFileType = sourcecode.swift; path = HomeViewController.swift; sourceTree = "<group>"; };
/* End PBXFileReference section */

/* Begin PBXFrameworksBuildPhase section */
		AAB1830C2D06412F00EE2102 /* Frameworks */ = {
			isa = PBXFrameworksBuildPhase;
			buildActionMask = 2147483647;
			files = (
			);
			runOnlyForDeploymentPostprocessing = 0;
		};
/* End PBXFrameworksBuildPhase section */

/* Begin PBXGroup section */
		AA46D1E32D0794BC00E53AB1 /* Assignment */ = {
			isa = PBXGroup;
			children = (
				AA46D1E42D0794E800E53AB1 /* AssignmentBuilderViewController.swift */,
				AA46D1E72D07951B00E53AB1 /* AssignmentHistoryViewController.swift */,
			);
			path = Assignment;
			sourceTree = "<group>";
		};
		AA46D1E92D07983500E53AB1 /* Task */ = {
			isa = PBXGroup;
			children = (
				AA46D1EA2D07984A00E53AB1 /* TaskManagerViewController.swift */,
				AA46D1EC2D07988100E53AB1 /* TaskHistoryViewController.swift */,
				AA46D1EE2D0798A500E53AB1 /* taskTableViewCell.swift */,
			);
			path = Task;
			sourceTree = "<group>";
		};
		AA46D1F02D08380000E53AB1 /* Settings */ = {
			isa = PBXGroup;
			children = (
				AA46D1F12D08382500E53AB1 /* AboutusViewController.swift */,
				AA46D1F32D08382500E53AB1 /* FeedbackViewController.swift */,
				AA46D1F22D08382500E53AB1 /* SettingsViewController.swift */,
				AA46D1F42D08382500E53AB1 /* SideMenuTableViewCell.swift */,
			);
			path = Settings;
			sourceTree = "<group>";
		};
		AA4F93692D078AC80098B446 /* LecturePlan */ = {
			isa = PBXGroup;
			children = (
				AA4F936A2D078ADE0098B446 /* PlaneLectureViewController.swift */,
				AA4F936C2D078B190098B446 /* ArchieveLectureViewController.swift */,
				AA4F936E2D078B290098B446 /* ArrchieveTableViewCell.swift */,
			);
			path = LecturePlan;
			sourceTree = "<group>";
		};
		AAB183062D06412F00EE2102 = {
			isa = PBXGroup;
			children = (
				AAB183112D06412F00EE2102 /* SmartTeach Link */,
				AAB183102D06412F00EE2102 /* Products */,
			);
			sourceTree = "<group>";
		};
		AAB183102D06412F00EE2102 /* Products */ = {
			isa = PBXGroup;
			children = (
				AAB1830F2D06412F00EE2102 /* SmartTeach Link.app */,
			);
			name = Products;
			sourceTree = "<group>";
		};
		AAB183112D06412F00EE2102 /* SmartTeach Link */ = {
			isa = PBXGroup;
			children = (
				AA46D1F02D08380000E53AB1 /* Settings */,
				AA46D1E92D07983500E53AB1 /* Task */,
				AA46D1E32D0794BC00E53AB1 /* Assignment */,
				AA4F93692D078AC80098B446 /* LecturePlan */,
				AAB1832C2D06450600EE2102 /* Home */,
				AAB1832B2D06450000EE2102 /* Welcome */,
				AAB183262D0644EA00EE2102 /* Extension */,
				AAB183122D06412F00EE2102 /* AppDelegate.swift */,
				AAB183142D06412F00EE2102 /* SceneDelegate.swift */,
				AAB183162D06412F00EE2102 /* ViewController.swift */,
				AAB183182D06412F00EE2102 /* Main.storyboard */,
				AAB1831B2D06413100EE2102 /* Assets.xcassets */,
				AAB1831D2D06413100EE2102 /* LaunchScreen.storyboard */,
				AAB183202D06413100EE2102 /* Info.plist */,
			);
			path = "SmartTeach Link";
			sourceTree = "<group>";
		};
		AAB183262D0644EA00EE2102 /* Extension */ = {
			isa = PBXGroup;
			children = (
				AAB183272D0644F900EE2102 /* Helper.swift */,
				AAB183282D0644F900EE2102 /* iOSDropDown.swift */,
			);
			path = Extension;
			sourceTree = "<group>";
		};
		AAB1832B2D06450000EE2102 /* Welcome */ = {
			isa = PBXGroup;
			children = (
				AAB1832D2D06452F00EE2102 /* StartViewController.swift */,
			);
			path = Welcome;
			sourceTree = "<group>";
		};
		AAB1832C2D06450600EE2102 /* Home */ = {
			isa = PBXGroup;
			children = (
				AAB1832F2D06455D00EE2102 /* HomeViewController.swift */,
			);
			path = Home;
			sourceTree = "<group>";
		};
/* End PBXGroup section */

/* Begin PBXNativeTarget section */
		AAB1830E2D06412F00EE2102 /* SmartTeach Link */ = {
			isa = PBXNativeTarget;
			buildConfigurationList = AAB183232D06413100EE2102 /* Build configuration list for PBXNativeTarget "SmartTeach Link" */;
			buildPhases = (
				AAB1830B2D06412F00EE2102 /* Sources */,
				AAB1830C2D06412F00EE2102 /* Frameworks */,
				AAB1830D2D06412F00EE2102 /* Resources */,
			);
			buildRules = (
			);
			dependencies = (
			);
			name = "SmartTeach Link";
			productName = "SmartTeach Link";
			productReference = AAB1830F2D06412F00EE2102 /* SmartTeach Link.app */;
			productType = "com.apple.product-type.application";
		};
/* End PBXNativeTarget section */

/* Begin PBXProject section */
		AAB183072D06412F00EE2102 /* Project object */ = {
			isa = PBXProject;
			attributes = {
				BuildIndependentTargetsInParallel = 1;
				LastSwiftUpdateCheck = 1520;
				LastUpgradeCheck = 1520;
				TargetAttributes = {
					AAB1830E2D06412F00EE2102 = {
						CreatedOnToolsVersion = 15.2;
					};
				};
			};
			buildConfigurationList = AAB1830A2D06412F00EE2102 /* Build configuration list for PBXProject "SmartTeach Link" */;
			compatibilityVersion = "Xcode 14.0";
			developmentRegion = en;
			hasScannedForEncodings = 0;
			knownRegions = (
				en,
				Base,
			);
			mainGroup = AAB183062D06412F00EE2102;
			productRefGroup = AAB183102D06412F00EE2102 /* Products */;
			projectDirPath = "";
			projectRoot = "";
			targets = (
				AAB1830E2D06412F00EE2102 /* SmartTeach Link */,
			);
		};
/* End PBXProject section */

/* Begin PBXResourcesBuildPhase section */
		AAB1830D2D06412F00EE2102 /* Resources */ = {
			isa = PBXResourcesBuildPhase;
			buildActionMask = 2147483647;
			files = (
				AAB1831F2D06413100EE2102 /* LaunchScreen.storyboard in Resources */,
				AAB1831C2D06413100EE2102 /* Assets.xcassets in Resources */,
				AAB1831A2D06412F00EE2102 /* Main.storyboard in Resources */,
			);
			runOnlyForDeploymentPostprocessing = 0;
		};
/* End PBXResourcesBuildPhase section */

/* Begin PBXSourcesBuildPhase section */
		AAB1830B2D06412F00EE2102 /* Sources */ = {
			isa = PBXSourcesBuildPhase;
			buildActionMask = 2147483647;
			files = (
				AAB183172D06412F00EE2102 /* ViewController.swift in Sources */,
				AAB183132D06412F00EE2102 /* AppDelegate.swift in Sources */,
				AAB1832A2D0644F900EE2102 /* iOSDropDown.swift in Sources */,
				AA46D1EB2D07984A00E53AB1 /* TaskManagerViewController.swift in Sources */,
				AA4F936D2D078B190098B446 /* ArchieveLectureViewController.swift in Sources */,
				AAB183152D06412F00EE2102 /* SceneDelegate.swift in Sources */,
				AA4F936F2D078B290098B446 /* ArrchieveTableViewCell.swift in Sources */,
				AA46D1F72D08382500E53AB1 /* FeedbackViewController.swift in Sources */,
				AA46D1E52D0794E800E53AB1 /* AssignmentBuilderViewController.swift in Sources */,
				AA46D1F52D08382500E53AB1 /* AboutusViewController.swift in Sources */,
				AA4F936B2D078ADE0098B446 /* PlaneLectureViewController.swift in Sources */,
				AA46D1EF2D0798A500E53AB1 /* taskTableViewCell.swift in Sources */,
				AAB183292D0644F900EE2102 /* Helper.swift in Sources */,
				AA46D1F62D08382500E53AB1 /* SettingsViewController.swift in Sources */,
				AAB183302D06455D00EE2102 /* HomeViewController.swift in Sources */,
				AA46D1F82D08382500E53AB1 /* SideMenuTableViewCell.swift in Sources */,
				AA46D1E82D07951B00E53AB1 /* AssignmentHistoryViewController.swift in Sources */,
				AA46D1ED2D07988100E53AB1 /* TaskHistoryViewController.swift in Sources */,
				AAB1832E2D06452F00EE2102 /* StartViewController.swift in Sources */,
			);
			runOnlyForDeploymentPostprocessing = 0;
		};
/* End PBXSourcesBuildPhase section */

/* Begin PBXVariantGroup section */
		AAB183182D06412F00EE2102 /* Main.storyboard */ = {
			isa = PBXVariantGroup;
			children = (
				AAB183192D06412F00EE2102 /* Base */,
			);
			name = Main.storyboard;
			sourceTree = "<group>";
		};
		AAB1831D2D06413100EE2102 /* LaunchScreen.storyboard */ = {
			isa = PBXVariantGroup;
			children = (
				AAB1831E2D06413100EE2102 /* Base */,
			);
			name = LaunchScreen.storyboard;
			sourceTree = "<group>";
		};
/* End PBXVariantGroup section */

/* Begin XCBuildConfiguration section */
		AAB183212D06413100EE2102 /* Debug */ = {
			isa = XCBuildConfiguration;
			buildSettings = {
				ALWAYS_SEARCH_USER_PATHS = NO;
				ASSETCATALOG_COMPILER_GENERATE_SWIFT_ASSET_SYMBOL_EXTENSIONS = YES;
				CLANG_ANALYZER_NONNULL = YES;
				CLANG_ANALYZER_NUMBER_OBJECT_CONVERSION = YES_AGGRESSIVE;
				CLANG_CXX_LANGUAGE_STANDARD = "gnu++20";
				CLANG_ENABLE_MODULES = YES;
				CLANG_ENABLE_OBJC_ARC = YES;
				CLANG_ENABLE_OBJC_WEAK = YES;
				CLANG_WARN_BLOCK_CAPTURE_AUTORELEASING = YES;
				CLANG_WARN_BOOL_CONVERSION = YES;
				CLANG_WARN_COMMA = YES;
				CLANG_WARN_CONSTANT_CONVERSION = YES;
				CLANG_WARN_DEPRECATED_OBJC_IMPLEMENTATIONS = YES;
				CLANG_WARN_DIRECT_OBJC_ISA_USAGE = YES_ERROR;
				CLANG_WARN_DOCUMENTATION_COMMENTS = YES;
				CLANG_WARN_EMPTY_BODY = YES;
				CLANG_WARN_ENUM_CONVERSION = YES;
				CLANG_WARN_INFINITE_RECURSION = YES;
				CLANG_WARN_INT_CONVERSION = YES;
				CLANG_WARN_NON_LITERAL_NULL_CONVERSION = YES;
				CLANG_WARN_OBJC_IMPLICIT_RETAIN_SELF = YES;
				CLANG_WARN_OBJC_LITERAL_CONVERSION = YES;
				CLANG_WARN_OBJC_ROOT_CLASS = YES_ERROR;
				CLANG_WARN_QUOTED_INCLUDE_IN_FRAMEWORK_HEADER = YES;
				CLANG_WARN_RANGE_LOOP_ANALYSIS = YES;
				CLANG_WARN_STRICT_PROTOTYPES = YES;
				CLANG_WARN_SUSPICIOUS_MOVE = YES;
				CLANG_WARN_UNGUARDED_AVAILABILITY = YES_AGGRESSIVE;
				CLANG_WARN_UNREACHABLE_CODE = YES;
				CLANG_WARN__DUPLICATE_METHOD_MATCH = YES;
				COPY_PHASE_STRIP = NO;
				DEBUG_INFORMATION_FORMAT = dwarf;
				ENABLE_STRICT_OBJC_MSGSEND = YES;
				ENABLE_TESTABILITY = YES;
				ENABLE_USER_SCRIPT_SANDBOXING = YES;
				GCC_C_LANGUAGE_STANDARD = gnu17;
				GCC_DYNAMIC_NO_PIC = NO;
				GCC_NO_COMMON_BLOCKS = YES;
				GCC_OPTIMIZATION_LEVEL = 0;
				GCC_PREPROCESSOR_DEFINITIONS = (
					"DEBUG=1",
					"$(inherited)",
				);
				GCC_WARN_64_TO_32_BIT_CONVERSION = YES;
				GCC_WARN_ABOUT_RETURN_TYPE = YES_ERROR;
				GCC_WARN_UNDECLARED_SELECTOR = YES;
				GCC_WARN_UNINITIALIZED_AUTOS = YES_AGGRESSIVE;
				GCC_WARN_UNUSED_FUNCTION = YES;
				GCC_WARN_UNUSED_VARIABLE = YES;
				IPHONEOS_DEPLOYMENT_TARGET = 17.2;
				LOCALIZATION_PREFERS_STRING_CATALOGS = YES;
				MTL_ENABLE_DEBUG_INFO = INCLUDE_SOURCE;
				MTL_FAST_MATH = YES;
				ONLY_ACTIVE_ARCH = YES;
				SDKROOT = iphoneos;
				SWIFT_ACTIVE_COMPILATION_CONDITIONS = "DEBUG $(inherited)";
				SWIFT_OPTIMIZATION_LEVEL = "-Onone";
			};
			name = Debug;
		};
		AAB183222D06413100EE2102 /* Release */ = {
			isa = XCBuildConfiguration;
			buildSettings = {
				ALWAYS_SEARCH_USER_PATHS = NO;
				ASSETCATALOG_COMPILER_GENERATE_SWIFT_ASSET_SYMBOL_EXTENSIONS = YES;
				CLANG_ANALYZER_NONNULL = YES;
				CLANG_ANALYZER_NUMBER_OBJECT_CONVERSION = YES_AGGRESSIVE;
				CLANG_CXX_LANGUAGE_STANDARD = "gnu++20";
				CLANG_ENABLE_MODULES = YES;
				CLANG_ENABLE_OBJC_ARC = YES;
				CLANG_ENABLE_OBJC_WEAK = YES;
				CLANG_WARN_BLOCK_CAPTURE_AUTORELEASING = YES;
				CLANG_WARN_BOOL_CONVERSION = YES;
				CLANG_WARN_COMMA = YES;
				CLANG_WARN_CONSTANT_CONVERSION = YES;
				CLANG_WARN_DEPRECATED_OBJC_IMPLEMENTATIONS = YES;
				CLANG_WARN_DIRECT_OBJC_ISA_USAGE = YES_ERROR;
				CLANG_WARN_DOCUMENTATION_COMMENTS = YES;
				CLANG_WARN_EMPTY_BODY = YES;
				CLANG_WARN_ENUM_CONVERSION = YES;
				CLANG_WARN_INFINITE_RECURSION = YES;
				CLANG_WARN_INT_CONVERSION = YES;
				CLANG_WARN_NON_LITERAL_NULL_CONVERSION = YES;
				CLANG_WARN_OBJC_IMPLICIT_RETAIN_SELF = YES;
				CLANG_WARN_OBJC_LITERAL_CONVERSION = YES;
				CLANG_WARN_OBJC_ROOT_CLASS = YES_ERROR;
				CLANG_WARN_QUOTED_INCLUDE_IN_FRAMEWORK_HEADER = YES;
				CLANG_WARN_RANGE_LOOP_ANALYSIS = YES;
				CLANG_WARN_STRICT_PROTOTYPES = YES;
				CLANG_WARN_SUSPICIOUS_MOVE = YES;
				CLANG_WARN_UNGUARDED_AVAILABILITY = YES_AGGRESSIVE;
				CLANG_WARN_UNREACHABLE_CODE = YES;
				CLANG_WARN__DUPLICATE_METHOD_MATCH = YES;
				COPY_PHASE_STRIP = NO;
				DEBUG_INFORMATION_FORMAT = "dwarf-with-dsym";
				ENABLE_NS_ASSERTIONS = NO;
				ENABLE_STRICT_OBJC_MSGSEND = YES;
				ENABLE_USER_SCRIPT_SANDBOXING = YES;
				GCC_C_LANGUAGE_STANDARD = gnu17;
				GCC_NO_COMMON_BLOCKS = YES;
				GCC_WARN_64_TO_32_BIT_CONVERSION = YES;
				GCC_WARN_ABOUT_RETURN_TYPE = YES_ERROR;
				GCC_WARN_UNDECLARED_SELECTOR = YES;
				GCC_WARN_UNINITIALIZED_AUTOS = YES_AGGRESSIVE;
				GCC_WARN_UNUSED_FUNCTION = YES;
				GCC_WARN_UNUSED_VARIABLE = YES;
				IPHONEOS_DEPLOYMENT_TARGET = 17.2;
				LOCALIZATION_PREFERS_STRING_CATALOGS = YES;
				MTL_ENABLE_DEBUG_INFO = NO;
				MTL_FAST_MATH = YES;
				SDKROOT = iphoneos;
				SWIFT_COMPILATION_MODE = wholemodule;
				VALIDATE_PRODUCT = YES;
			};
			name = Release;
		};
		AAB183242D06413100EE2102 /* Debug */ = {
			isa = XCBuildConfiguration;
			buildSettings = {
				ASSETCATALOG_COMPILER_APPICON_NAME = AppIcon;
				ASSETCATALOG_COMPILER_GLOBAL_ACCENT_COLOR_NAME = AccentColor;
				CODE_SIGN_STYLE = Automatic;
				CURRENT_PROJECT_VERSION = 1;
				DEVELOPMENT_TEAM = 2P46A9W4C4;
				GENERATE_INFOPLIST_FILE = YES;
				INFOPLIST_FILE = "SmartTeach Link/Info.plist";
				INFOPLIST_KEY_UIApplicationSupportsIndirectInputEvents = YES;
				INFOPLIST_KEY_UILaunchStoryboardName = LaunchScreen;
				INFOPLIST_KEY_UIMainStoryboardFile = Main;
				INFOPLIST_KEY_UISupportedInterfaceOrientations = "UIInterfaceOrientationPortrait UIInterfaceOrientationPortraitUpsideDown";
				INFOPLIST_KEY_UISupportedInterfaceOrientations_iPad = "UIInterfaceOrientationLandscapeLeft UIInterfaceOrientationLandscapeRight UIInterfaceOrientationPortrait UIInterfaceOrientationPortraitUpsideDown";
				IPHONEOS_DEPLOYMENT_TARGET = 13.0;
				LD_RUNPATH_SEARCH_PATHS = (
					"$(inherited)",
					"@executable_path/Frameworks",
				);
				MARKETING_VERSION = 1.0;
				PRODUCT_BUNDLE_IDENTIFIER = "com.SmartTeach-Link.sm";
				PRODUCT_NAME = "$(TARGET_NAME)";
				SUPPORTED_PLATFORMS = "iphoneos iphonesimulator";
				SUPPORTS_MACCATALYST = NO;
				SUPPORTS_MAC_DESIGNED_FOR_IPHONE_IPAD = NO;
				SUPPORTS_XR_DESIGNED_FOR_IPHONE_IPAD = NO;
				SWIFT_EMIT_LOC_STRINGS = YES;
				SWIFT_VERSION = 5.0;
				TARGETED_DEVICE_FAMILY = 1;
			};
			name = Debug;
		};
		AAB183252D06413100EE2102 /* Release */ = {
			isa = XCBuildConfiguration;
			buildSettings = {
				ASSETCATALOG_COMPILER_APPICON_NAME = AppIcon;
				ASSETCATALOG_COMPILER_GLOBAL_ACCENT_COLOR_NAME = AccentColor;
				CODE_SIGN_STYLE = Automatic;
				CURRENT_PROJECT_VERSION = 1;
				DEVELOPMENT_TEAM = 2P46A9W4C4;
				GENERATE_INFOPLIST_FILE = YES;
				INFOPLIST_FILE = "SmartTeach Link/Info.plist";
				INFOPLIST_KEY_UIApplicationSupportsIndirectInputEvents = YES;
				INFOPLIST_KEY_UILaunchStoryboardName = LaunchScreen;
				INFOPLIST_KEY_UIMainStoryboardFile = Main;
				INFOPLIST_KEY_UISupportedInterfaceOrientations = "UIInterfaceOrientationPortrait UIInterfaceOrientationPortraitUpsideDown";
				INFOPLIST_KEY_UISupportedInterfaceOrientations_iPad = "UIInterfaceOrientationLandscapeLeft UIInterfaceOrientationLandscapeRight UIInterfaceOrientationPortrait UIInterfaceOrientationPortraitUpsideDown";
				IPHONEOS_DEPLOYMENT_TARGET = 13.0;
				LD_RUNPATH_SEARCH_PATHS = (
					"$(inherited)",
					"@executable_path/Frameworks",
				);
				MARKETING_VERSION = 1.0;
				PRODUCT_BUNDLE_IDENTIFIER = "com.SmartTeach-Link.sm";
				PRODUCT_NAME = "$(TARGET_NAME)";
				SUPPORTED_PLATFORMS = "iphoneos iphonesimulator";
				SUPPORTS_MACCATALYST = NO;
				SUPPORTS_MAC_DESIGNED_FOR_IPHONE_IPAD = NO;
				SUPPORTS_XR_DESIGNED_FOR_IPHONE_IPAD = NO;
				SWIFT_EMIT_LOC_STRINGS = YES;
				SWIFT_VERSION = 5.0;
				TARGETED_DEVICE_FAMILY = 1;
			};
			name = Release;
		};
/* End XCBuildConfiguration section */

/* Begin XCConfigurationList section */
		AAB1830A2D06412F00EE2102 /* Build configuration list for PBXProject "SmartTeach Link" */ = {
			isa = XCConfigurationList;
			buildConfigurations = (
				AAB183212D06413100EE2102 /* Debug */,
				AAB183222D06413100EE2102 /* Release */,
			);
			defaultConfigurationIsVisible = 0;
			defaultConfigurationName = Release;
		};
		AAB183232D06413100EE2102 /* Build configuration list for PBXNativeTarget "SmartTeach Link" */ = {
			isa = XCConfigurationList;
			buildConfigurations = (
				AAB183242D06413100EE2102 /* Debug */,
				AAB183252D06413100EE2102 /* Release */,
			);
			defaultConfigurationIsVisible = 0;
			defaultConfigurationName = Release;
		};
/* End XCConfigurationList section */
	};
	rootObject = AAB183072D06412F00EE2102 /* Project object */;
}
